<Solution>
  <Project Path="Dsw2026Tpi.Api/Dsw2026Tpi.Api.csproj" />
  <Project Path="Dsw2026Tpi.Application/Dsw2026Tpi.Application.csproj" />
  <Project Path="Dsw2026Tpi.CrossCutting/Dsw2026Tpi.CrossCutting.csproj" Id="0dd6d6ea-0e59-4ffb-9a7f-f9efc8788ae6" />
  <Project Path="Dsw2026Tpi.Data/Dsw2026Tpi.Data.csproj" />
  <Project Path="Dsw2026Tpi.Domain/Dsw2026Tpi.Domain.csproj" />
  <Project Path="Dsw2026Tpi.Tests/Dsw2026Tpi.Tests.csproj" Id="74737457-e8e3-4b90-90ef-a23ee0a95e5a" />
</Solution>
